// !$*UTF8*$!
{
	archiveVersion = 1;
	classes = {
	};
	objectVersion = 48;
	objects = {

/* Begin PBXBuildFile section */
		FAA10C9D2092AFF600F50FDE /* AppDelegate.swift in Sources */ = {isa = PBXBuildFile; fileRef = FAA10C9C2092AFF600F50FDE /* AppDelegate.swift */; };
		FAA10C9F2092AFF600F50FDE /* ViewController.swift in Sources */ = {isa = PBXBuildFile; fileRef = FAA10C9E2092AFF600F50FDE /* ViewController.swift */; };
		FAA10CA22092AFF600F50FDE /* Main.storyboard in Resources */ = {isa = PBXBuildFile; fileRef = FAA10CA02092AFF600F50FDE /* Main.storyboard */; };
		FAA10CA42092AFF600F50FDE /* Assets.xcassets in Resources */ = {isa = PBXBuildFile; fileRef = FAA10CA32092AFF600F50FDE /* Assets.xcassets */; };
		FAA10CA72092AFF600F50FDE /* LaunchScreen.storyboard in Resources */ = {isa = PBXBuildFile; fileRef = FAA10CA52092AFF600F50FDE /* LaunchScreen.storyboard */; };
/* End PBXBuildFile section */

/* Begin PBXFileReference section */
		FAA10C992092AFF600F50FDE /* vedioPlayer_Sam.app */ = {isa = PBXFileReference; explicitFileType = wrapper.application; includeInIndex = 0; path = vedioPlayer_Sam.app; sourceTree = BUILT_PRODUCTS_DIR; };
		FAA10C9C2092AFF600F50FDE /* AppDelegate.swift */ = {isa = PBXFileReference; lastKnownFileType = sourcecode.swift; path = AppDelegate.swift; sourceTree = "<group>"; };
		FAA10C9E2092AFF600F50FDE /* ViewController.swift */ = {isa = PBXFileReference; lastKnownFileType = sourcecode.swift; path = ViewController.swift; sourceTree = "<group>"; };
		FAA10CA12092AFF600F50FDE /* Base */ = {isa = PBXFileReference; lastKnownFileType = file.storyboard; name = Base; path = Base.lproj/Main.storyboard; sourceTree = "<group>"; };
		FAA10CA32092AFF600F50FDE /* Assets.xcassets */ = {isa = PBXFileReference; lastKnownFileType = folder.assetcatalog; path = Assets.xcassets; sourceTree = "<group>"; };
		FAA10CA62092AFF600F50FDE /* Base */ = {isa = PBXFileReference; lastKnownFileType = file.storyboard; name = Base; path = Base.lproj/LaunchScreen.storyboard; sourceTree = "<group>"; };
		FAA10CA82092AFF600F50FDE /* Info.plist */ = {isa = PBXFileReference; lastKnownFileType = text.plist.xml; path = Info.plist; sourceTree = "<group>"; };
/* End PBXFileReference section */

/* Begin PBXFrameworksBuildPhase section */
		FAA10C962092AFF600F50FDE /* Frameworks */ = {
			isa = PBXFrameworksBuildPhase;
			buildActionMask = 2147483647;
			files = (
			);
			runOnlyForDeploymentPostprocessing = 0;
		};
/* End PBXFrameworksBuildPhase section */

/* Begin PBXGroup section */
		FAA10C902092AFF600F50FDE = {
			isa = PBXGroup;
			children = (
				FAA10C9B2092AFF600F50FDE /* vedioPlayer_Sam */,
				FAA10C9A2092AFF600F50FDE /* Products */,
			);
			sourceTree = "<group>";
		};
		FAA10C9A2092AFF600F50FDE /* Products */ = {
			isa = PBXGroup;
			children = (
				FAA10C992092AFF600F50FDE /* vedioPlayer_Sam.app */,
			);
			name = Products;
			sourceTree = "<group>";
		};
		FAA10C9B2092AFF600F50FDE /* vedioPlayer_Sam */ = {
			isa = PBXGroup;
			children = (
				FAA10C9C2092AFF600F50FDE /* AppDelegate.swift */,
				FAA10C9E2092AFF600F50FDE /* ViewController.swift */,
				FAA10CA02092AFF600F50FDE /* Main.storyboard */,
				FAA10CA32092AFF600F50FDE /* Assets.xcassets */,
				FAA10CA52092AFF600F50FDE /* LaunchScreen.storyboard */,
				FAA10CA82092AFF600F50FDE /* Info.plist */,
			);
			path = vedioPlayer_Sam;
			sourceTree = "<group>";
		};
/* End PBXGroup section */

/* Begin PBXNativeTarget section */
		FAA10C982092AFF600F50FDE /* vedioPlayer_Sam */ = {
			isa = PBXNativeTarget;
			buildConfigurationList = FAA10CAB2092AFF600F50FDE /* Build configuration list for PBXNativeTarget "vedioPlayer_Sam" */;
			buildPhases = (
				FAA10C952092AFF600F50FDE /* Sources */,
				FAA10C962092AFF600F50FDE /* Frameworks */,
				FAA10C972092AFF600F50FDE /* Resources */,
			);
			buildRules = (
			);
			dependencies = (
			);
			name = vedioPlayer_Sam;
			productName = vedioPlayer_Sam;
			productReference = FAA10C992092AFF600F50FDE /* vedioPlayer_Sam.app */;
			productType = "com.apple.product-type.application";
		};
/* End PBXNativeTarget section */

/* Begin PBXProject section */
		FAA10C912092AFF600F50FDE /* Project object */ = {
			isa = PBXProject;
			attributes = {
				LastSwiftUpdateCheck = 0920;
				LastUpgradeCheck = 0920;
				ORGANIZATIONNAME = MACBOOK;
				TargetAttributes = {
					FAA10C982092AFF600F50FDE = {
						CreatedOnToolsVersion = 9.2;
						ProvisioningStyle = Automatic;
					};
				};
			};
			buildConfigurationList = FAA10C942092AFF600F50FDE /* Build configuration list for PBXProject "vedioPlayer_Sam" */;
			compatibilityVersion = "Xcode 8.0";
			developmentRegion = en;
			hasScannedForEncodings = 0;
			knownRegions = (
				en,
				Base,
			);
			mainGroup = FAA10C902092AFF600F50FDE;
			productRefGroup = FAA10C9A2092AFF600F50FDE /* Products */;
			projectDirPath = "";
			projectRoot = "";
			targets = (
				FAA10C982092AFF600F50FDE /* vedioPlayer_Sam */,
			);
		};
/* End PBXProject section */

/* Begin PBXResourcesBuildPhase section */
		FAA10C972092AFF600F50FDE /* Resources */ = {
			isa = PBXResourcesBuildPhase;
			buildActionMask = 2147483647;
			files = (
				FAA10CA72092AFF600F50FDE /* LaunchScreen.storyboard in Resources */,
				FAA10CA42092AFF600F50FDE /* Assets.xcassets in Resources */,
				FAA10CA22092AFF600F50FDE /* Main.storyboard in Resources */,
			);
			runOnlyForDeploymentPostprocessing = 0;
		};
/* End PBXResourcesBuildPhase section */

/* Begin PBXSourcesBuildPhase section */
		FAA10C952092AFF600F50FDE /* Sources */ = {
			isa = PBXSourcesBuildPhase;
			buildActionMask = 2147483647;
			files = (
				FAA10C9F2092AFF600F50FDE /* ViewController.swift in Sources */,
				FAA10C9D2092AFF600F50FDE /* AppDelegate.swift in Sources */,
			);
			runOnlyForDeploymentPostprocessing = 0;
		};
/* End PBXSourcesBuildPhase section */

/* Begin PBXVariantGroup section */
		FAA10CA02092AFF600F50FDE /* Main.storyboard */ = {
			isa = PBXVariantGroup;
			children = (
				FAA10CA12092AFF600F50FDE /* Base */,
			);
			name = Main.storyboard;
			sourceTree = "<group>";
		};
		FAA10CA52092AFF600F50FDE /* LaunchScreen.storyboard */ = {
			isa = PBXVariantGroup;
			children = (
				FAA10CA62092AFF600F50FDE /* Base */,
			);
			name = LaunchScreen.storyboard;
			sourceTree = "<group>";
		};
/* End PBXVariantGroup section */

/* Begin XCBuildConfiguration section */
		FAA10CA92092AFF600F50FDE /* Debug */ = {
			isa = XCBuildConfiguration;
			buildSettings = {
				ALWAYS_SEARCH_USER_PATHS = NO;
				CLANG_ANALYZER_NONNULL = YES;
				CLANG_ANALYZER_NUMBER_OBJECT_CONVERSION = YES_AGGRESSIVE;
				CLANG_CXX_LANGUAGE_STANDARD = "gnu++14";
				CLANG_CXX_LIBRARY = "libc++";
				CLANG_ENABLE_MODULES = YES;
				CLANG_ENABLE_OBJC_ARC = YES;
				CLANG_WARN_BLOCK_CAPTURE_AUTORELEASING = YES;
				CLANG_WARN_BOOL_CONVERSION = YES;
				CLANG_WARN_COMMA = YES;
				CLANG_WARN_CONSTANT_CONVERSION = YES;
				CLANG_WARN_DIRECT_OBJC_ISA_USAGE = YES_ERROR;
				CLANG_WARN_DOCUMENTATION_COMMENTS = YES;
				CLANG_WARN_EMPTY_BODY = YES;
				CLANG_WARN_ENUM_CONVERSION = YES;
				CLANG_WARN_INFINITE_RECURSION = YES;
				CLANG_WARN_INT_CONVERSION = YES;
				CLANG_WARN_NON_LITERAL_NULL_CONVERSION = YES;
				CLANG_WARN_OBJC_LITERAL_CONVERSION = YES;
				CLANG_WARN_OBJC_ROOT_CLASS = YES_ERROR;
				CLANG_WARN_RANGE_LOOP_ANALYSIS = YES;
				CLANG_WARN_STRICT_PROTOTYPES = YES;
				CLANG_WARN_SUSPICIOUS_MOVE = YES;
				CLANG_WARN_UNGUARDED_AVAILABILITY = YES_AGGRESSIVE;
				CLANG_WARN_UNREACHABLE_CODE = YES;
				CLANG_WARN__DUPLICATE_METHOD_MATCH = YES;
				CODE_SIGN_IDENTITY = "iPhone Developer";
				COPY_PHASE_STRIP = NO;
				DEBUG_INFORMATION_FORMAT = dwarf;
				ENABLE_STRICT_OBJC_MSGSEND = YES;
				ENABLE_TESTABILITY = YES;
				GCC_C_LANGUAGE_STANDARD = gnu11;
				GCC_DYNAMIC_NO_PIC = NO;
				GCC_NO_COMMON_BLOCKS = YES;
				GCC_OPTIMIZATION_LEVEL = 0;
				GCC_PREPROCESSOR_DEFINITIONS = (
					"DEBUG=1",
					"$(inherited)",
				);
				GCC_WARN_64_TO_32_BIT_CONVERSION = YES;
				GCC_WARN_ABOUT_RETURN_TYPE = YES_ERROR;
				GCC_WARN_UNDECLARED_SELECTOR = YES;
				GCC_WARN_UNINITIALIZED_AUTOS = YES_AGGRESSIVE;
				GCC_WARN_UNUSED_FUNCTION = YES;
				GCC_WARN_UNUSED_VARIABLE = YES;
				IPHONEOS_DEPLOYMENT_TARGET = 11.2;
				MTL_ENABLE_DEBUG_INFO = YES;
				ONLY_ACTIVE_ARCH = YES;
				SDKROOT = iphoneos;
				SWIFT_ACTIVE_COMPILATION_CONDITIONS = DEBUG;
				SWIFT_OPTIMIZATION_LEVEL = "-Onone";
			};
			name = Debug;
		};
		FAA10CAA2092AFF600F50FDE /* Release */ = {
			isa = XCBuildConfiguration;
			buildSettings = {
				ALWAYS_SEARCH_USER_PATHS = NO;
				CLANG_ANALYZER_NONNULL = YES;
				CLANG_ANALYZER_NUMBER_OBJECT_CONVERSION = YES_AGGRESSIVE;
				CLANG_CXX_LANGUAGE_STANDARD = "gnu++14";
				CLANG_CXX_LIBRARY = "libc++";
				CLANG_ENABLE_MODULES = YES;
				CLANG_ENABLE_OBJC_ARC = YES;
				CLANG_WARN_BLOCK_CAPTURE_AUTORELEASING = YES;
				CLANG_WARN_BOOL_CONVERSION = YES;
				CLANG_WARN_COMMA = YES;
				CLANG_WARN_CONSTANT_CONVERSION = YES;
				CLANG_WARN_DIRECT_OBJC_ISA_USAGE = YES_ERROR;
				CLANG_WARN_DOCUMENTATION_COMMENTS = YES;
				CLANG_WARN_EMPTY_BODY = YES;
				CLANG_WARN_ENUM_CONVERSION = YES;
				CLANG_WARN_INFINITE_RECURSION = YES;
				CLANG_WARN_INT_CONVERSION = YES;
				CLANG_WARN_NON_LITERAL_NULL_CONVERSION = YES;
				CLANG_WARN_OBJC_LITERAL_CONVERSION = YES;
				CLANG_WARN_OBJC_ROOT_CLASS = YES_ERROR;
				CLANG_WARN_RANGE_LOOP_ANALYSIS = YES;
				CLANG_WARN_STRICT_PROTOTYPES = YES;
				CLANG_WARN_SUSPICIOUS_MOVE = YES;
				CLANG_WARN_UNGUARDED_AVAILABILITY = YES_AGGRESSIVE;
				CLANG_WARN_UNREACHABLE_CODE = YES;
				CLANG_WARN__DUPLICATE_METHOD_MATCH = YES;
				CODE_SIGN_IDENTITY = "iPhone Developer";
				COPY_PHASE_STRIP = NO;
				DEBUG_INFORMATION_FORMAT = "dwarf-with-dsym";
				ENABLE_NS_ASSERTIONS = NO;
				ENABLE_STRICT_OBJC_MSGSEND = YES;
				GCC_C_LANGUAGE_STANDARD = gnu11;
				GCC_NO_COMMON_BLOCKS = YES;
				GCC_WARN_64_TO_32_BIT_CONVERSION = YES;
				GCC_WARN_ABOUT_RETURN_TYPE = YES_ERROR;
				GCC_WARN_UNDECLARED_SELECTOR = YES;
				GCC_WARN_UNINITIALIZED_AUTOS = YES_AGGRESSIVE;
				GCC_WARN_UNUSED_FUNCTION = YES;
				GCC_WARN_UNUSED_VARIABLE = YES;
				IPHONEOS_DEPLOYMENT_TARGET = 11.2;
				MTL_ENABLE_DEBUG_INFO = NO;
				SDKROOT = iphoneos;
				SWIFT_OPTIMIZATION_LEVEL = "-Owholemodule";
				VALIDATE_PRODUCT = YES;
			};
			name = Release;
		};
		FAA10CAC2092AFF600F50FDE /* Debug */ = {
			isa = XCBuildConfiguration;
			buildSettings = {
				ASSETCATALOG_COMPILER_APPICON_NAME = AppIcon;
				CODE_SIGN_STYLE = Automatic;
				DEVELOPMENT_TEAM = 57PZX8729Q;
				INFOPLIST_FILE = vedioPlayer_Sam/Info.plist;
				LD_RUNPATH_SEARCH_PATHS = "$(inherited) @executable_path/Frameworks";
				PRODUCT_BUNDLE_IDENTIFIER = "appWorksSchool-ios6.vedioPlayer-Sam";
				PRODUCT_NAME = "$(TARGET_NAME)";
				SWIFT_VERSION = 4.0;
				TARGETED_DEVICE_FAMILY = "1,2";
			};
			name = Debug;
		};
		FAA10CAD2092AFF600F50FDE /* Release */ = {
			isa = XCBuildConfiguration;
			buildSettings = {
				ASSETCATALOG_COMPILER_APPICON_NAME = AppIcon;
				CODE_SIGN_STYLE = Automatic;
				DEVELOPMENT_TEAM = 57PZX8729Q;
				INFOPLIST_FILE = vedioPlayer_Sam/Info.plist;
				LD_RUNPATH_SEARCH_PATHS = "$(inherited) @executable_path/Frameworks";
				PRODUCT_BUNDLE_IDENTIFIER = "appWorksSchool-ios6.vedioPlayer-Sam";
				PRODUCT_NAME = "$(TARGET_NAME)";
				SWIFT_VERSION = 4.0;
				TARGETED_DEVICE_FAMILY = "1,2";
			};
			name = Release;
		};
/* End XCBuildConfiguration section */

/* Begin XCConfigurationList section */
		FAA10C942092AFF600F50FDE /* Build configuration list for PBXProject "vedioPlayer_Sam" */ = {
			isa = XCConfigurationList;
			buildConfigurations = (
				FAA10CA92092AFF600F50FDE /* Debug */,
				FAA10CAA2092AFF600F50FDE /* Release */,
			);
			defaultConfigurationIsVisible = 0;
			defaultConfigurationName = Release;
		};
		FAA10CAB2092AFF600F50FDE /* Build configuration list for PBXNativeTarget "vedioPlayer_Sam" */ = {
			isa = XCConfigurationList;
			buildConfigurations = (
				FAA10CAC2092AFF600F50FDE /* Debug */,
				FAA10CAD2092AFF600F50FDE /* Release */,
			);
			defaultConfigurationIsVisible = 0;
			defaultConfigurationName = Release;
		};
/* End XCConfigurationList section */
	};
	rootObject = FAA10C912092AFF600F50FDE /* Project object */;
}
